
Microsoft Visual Studio Solution File, Format Version 12.00
# Visual Studio Version 17
VisualStudioVersion = 17.0.32014.148
MinimumVisualStudioVersion = 10.0.40219.1
Project("{FAE04EC0-301F-11D3-BF4B-00C04F79EFBC}") = "WebApplication5", "WebApplication5\WebApplication5.csproj", "{46675008-0F78-423E-80CA-58B2BB67E9BE}"
EndProject
Global
	GlobalSection(SolutionConfigurationPlatforms) = preSolution
		Debug|Any CPU = Debug|Any CPU
		Release|Any CPU = Release|Any CPU
	EndGlobalSection
	GlobalSection(ProjectConfigurationPlatforms) = postSolution
		{46675008-0F78-423E-80CA-58B2BB67E9BE}.Debug|Any CPU.ActiveCfg = Debug|Any CPU
		{46675008-0F78-423E-80CA-58B2BB67E9BE}.Debug|Any CPU.Build.0 = Debug|Any CPU
		{46675008-0F78-423E-80CA-58B2BB67E9BE}.Release|Any CPU.ActiveCfg = Release|Any CPU
		{46675008-0F78-423E-80CA-58B2BB67E9BE}.Release|Any CPU.Build.0 = Release|Any CPU
	EndGlobalSection
	GlobalSection(SolutionProperties) = preSolution
		HideSolutionNode = FALSE
	EndGlobalSection
	GlobalSection(ExtensibilityGlobals) = postSolution
		SolutionGuid = {EAA29B7B-AEBE-4CD3-A272-1326DE8ABE45}
	EndGlobalSection
EndGlobal
