
Microsoft Visual Studio Solution File, Format Version 12.00
# Visual Studio Version 17
VisualStudioVersion = 17.0.32014.148
MinimumVisualStudioVersion = 10.0.40219.1
Project("{FAE04EC0-301F-11D3-BF4B-00C04F79EFBC}") = "WebApplication2", "WebApplication2\WebApplication2.csproj", "{55F7F7D7-B25F-468A-B71A-C04DF18DA313}"
EndProject
Global
	GlobalSection(SolutionConfigurationPlatforms) = preSolution
		Debug|Any CPU = Debug|Any CPU
		Release|Any CPU = Release|Any CPU
	EndGlobalSection
	GlobalSection(ProjectConfigurationPlatforms) = postSolution
		{55F7F7D7-B25F-468A-B71A-C04DF18DA313}.Debug|Any CPU.ActiveCfg = Debug|Any CPU
		{55F7F7D7-B25F-468A-B71A-C04DF18DA313}.Debug|Any CPU.Build.0 = Debug|Any CPU
		{55F7F7D7-B25F-468A-B71A-C04DF18DA313}.Release|Any CPU.ActiveCfg = Release|Any CPU
		{55F7F7D7-B25F-468A-B71A-C04DF18DA313}.Release|Any CPU.Build.0 = Release|Any CPU
	EndGlobalSection
	GlobalSection(SolutionProperties) = preSolution
		HideSolutionNode = FALSE
	EndGlobalSection
	GlobalSection(ExtensibilityGlobals) = postSolution
		SolutionGuid = {0B6451CC-9C2B-4A9F-99C1-62939AA4E832}
	EndGlobalSection
EndGlobal
