
Microsoft Visual Studio Solution File, Format Version 12.00
# Visual Studio Version 16
VisualStudioVersion = 16.0.33801.447
MinimumVisualStudioVersion = 10.0.40219.1
Project("{FAE04EC0-301F-11D3-BF4B-00C04F79EFBC}") = "WebApplication9", "WebApplication9.csproj", "{C26EAEFB-3F97-4F1A-B584-E55AED4926FE}"
EndProject
Global
	GlobalSection(SolutionConfigurationPlatforms) = preSolution
		Debug|Any CPU = Debug|Any CPU
		Release|Any CPU = Release|Any CPU
	EndGlobalSection
	GlobalSection(ProjectConfigurationPlatforms) = postSolution
		{C26EAEFB-3F97-4F1A-B584-E55AED4926FE}.Debug|Any CPU.ActiveCfg = Debug|Any CPU
		{C26EAEFB-3F97-4F1A-B584-E55AED4926FE}.Debug|Any CPU.Build.0 = Debug|Any CPU
		{C26EAEFB-3F97-4F1A-B584-E55AED4926FE}.Release|Any CPU.ActiveCfg = Release|Any CPU
		{C26EAEFB-3F97-4F1A-B584-E55AED4926FE}.Release|Any CPU.Build.0 = Release|Any CPU
	EndGlobalSection
	GlobalSection(SolutionProperties) = preSolution
		HideSolutionNode = FALSE
	EndGlobalSection
	GlobalSection(ExtensibilityGlobals) = postSolution
		SolutionGuid = {62AA36BC-6862-4EB3-9850-2C92A1BD5DE6}
	EndGlobalSection
EndGlobal
